{
  "requires": true,
  "lockfileVersion": 1,
  "dependencies": {
    "bulma-start": {
      "version": "0.0.4",
      "resolved": "https://registry.npmjs.org/bulma-start/-/bulma-start-0.0.4.tgz",
      "integrity": "sha512-/PbhZBs1tIqnU75eh1SVWKC2DeW+xtQaaKITRksvmlCSTp8BH88JJk+gML3XCGE2LhSWyHTT+AIh6mwtUyjlxQ=="
    }
  }
}
